name: "Flake.lock: update Nix dependencies"

on:
  workflow_dispatch: # allows manual triggering
  schedule:
    - cron: '0 0 * * 0'

jobs:
  nix-flake-update:
    permissions:
      contents: write
      id-token: write
      issues: write
      pull-requests: write
    runs-on: ubuntu-latest
    steps:
      - uses: actions/checkout@v4
      - uses: DeterminateSystems/determinate-nix-action@v3
      - uses: DeterminateSystems/update-flake-lock@main
        with:
          token: ${{ secrets.NIX_FLAKE_UPDATE_TOKEN }}
          git-author-name: github-actions[bot]
          git-author-email: github-actions[bot]@users.noreply.github.com
          git-committer-name: github-actions[bot]
          git-committer-email: github-actions[bot]@users.noreply.github.com
          pr-labels: |
            dependencies
            automated
